
Microsoft Visual Studio Solution File, Format Version 12.00
# Visual Studio Version 17
VisualStudioVersion = 17.14.36518.9 d17.14
MinimumVisualStudioVersion = 10.0.40219.1
Project("{FAE04EC0-301F-11D3-BF4B-00C04F79EFBC}") = "OrleansMatchingServer", "OrleansMatchingServer\OrleansMatchingServer.csproj", "{FE66A5F8-DF83-47E4-9756-000B493970A3}"
EndProject
Project("{FAE04EC0-301F-11D3-BF4B-00C04F79EFBC}") = "Common", "Common\Common.csproj", "{DF6BB5D5-3D72-44CC-874B-6709A3B366FD}"
EndProject
Project("{FAE04EC0-301F-11D3-BF4B-00C04F79EFBC}") = "Client", "Client\Client.csproj", "{6A1A9940-D4D4-4BC0-8A4E-A4EA1087E485}"
EndProject
Global
	GlobalSection(SolutionConfigurationPlatforms) = preSolution
		Debug|Any CPU = Debug|Any CPU
		Release|Any CPU = Release|Any CPU
	EndGlobalSection
	GlobalSection(ProjectConfigurationPlatforms) = postSolution
		{FE66A5F8-DF83-47E4-9756-000B493970A3}.Debug|Any CPU.ActiveCfg = Debug|Any CPU
		{FE66A5F8-DF83-47E4-9756-000B493970A3}.Debug|Any CPU.Build.0 = Debug|Any CPU
		{FE66A5F8-DF83-47E4-9756-000B493970A3}.Release|Any CPU.ActiveCfg = Release|Any CPU
		{FE66A5F8-DF83-47E4-9756-000B493970A3}.Release|Any CPU.Build.0 = Release|Any CPU
		{DF6BB5D5-3D72-44CC-874B-6709A3B366FD}.Debug|Any CPU.ActiveCfg = Debug|Any CPU
		{DF6BB5D5-3D72-44CC-874B-6709A3B366FD}.Debug|Any CPU.Build.0 = Debug|Any CPU
		{DF6BB5D5-3D72-44CC-874B-6709A3B366FD}.Release|Any CPU.ActiveCfg = Release|Any CPU
		{DF6BB5D5-3D72-44CC-874B-6709A3B366FD}.Release|Any CPU.Build.0 = Release|Any CPU
		{6A1A9940-D4D4-4BC0-8A4E-A4EA1087E485}.Debug|Any CPU.ActiveCfg = Debug|Any CPU
		{6A1A9940-D4D4-4BC0-8A4E-A4EA1087E485}.Debug|Any CPU.Build.0 = Debug|Any CPU
		{6A1A9940-D4D4-4BC0-8A4E-A4EA1087E485}.Release|Any CPU.ActiveCfg = Release|Any CPU
		{6A1A9940-D4D4-4BC0-8A4E-A4EA1087E485}.Release|Any CPU.Build.0 = Release|Any CPU
	EndGlobalSection
	GlobalSection(SolutionProperties) = preSolution
		HideSolutionNode = FALSE
	EndGlobalSection
	GlobalSection(ExtensibilityGlobals) = postSolution
		SolutionGuid = {B3121D79-8763-44E4-906E-AFA00141F63D}
	EndGlobalSection
EndGlobal
